{
	"name": "bx-health",
	"version": "1.0.0",
	"lockfileVersion": 3,
	"requires": true,
	"packages": {
		"": {
			"name": "bx-health",
			"version": "1.0.0",
			"license": "ISC",
			"dependencies": {
				"speak-tts": "^2.0.8"
			}
		},
		"node_modules/speak-tts": {
			"version": "2.0.8",
			"resolved": "https://registry.npmmirror.com/speak-tts/-/speak-tts-2.0.8.tgz",
			"integrity": "sha512-VY6Q6mRjdou6bF+x0LspvM7GJhBxHx8CLyGPTNQQ7jrztiGutyI4QNZn0cA17c4uk0FnFbA4PaMI3skeZ6PiFg=="
		}
	}
}
