{
  "name": "bx-health",
  "version": "1.0.0",
  "lockfileVersion": 1,
  "requires": true,
  "dependencies": {
    "dayjs": {
      "version": "1.9.5",
      "resolved": "https://registry.npm.taobao.org/dayjs/download/dayjs-1.9.5.tgz?cache=0&sync_timestamp=1604555129667&other_urls=https%3A%2F%2Fregistry.npm.taobao.org%2Fdayjs%2Fdownload%2Fdayjs-1.9.5.tgz",
      "integrity": "sha1-/UmZTr5xY50s6VdelxhmQt/OmAg="
    }
  }
}
