{
  "name": "bx-health",
  "version": "1.0.0",
  "lockfileVersion": 1,
  "requires": true,
  "dependencies": {
    "tki-qrcode": {
      "version": "0.1.6",
      "resolved": "https://registry.npm.taobao.org/tki-qrcode/download/tki-qrcode-0.1.6.tgz",
      "integrity": "sha1-cTc9nEs/iUT6pU0+6Ziroz2X3n8="
    }
  }
}
